
Microsoft Visual Studio Solution File, Format Version 12.00
# Visual Studio Version 16
VisualStudioVersion = 16.0.29424.173
MinimumVisualStudioVersion = 10.0.40219.1
Project("{FAE04EC0-301F-11D3-BF4B-00C04F79EFBC}") = "CardDrawSim", "CardDrawSim\CardDrawSim.csproj", "{83399CFE-5D49-4120-92E7-BD14F15EA031}"
EndProject
Global
	GlobalSection(SolutionConfigurationPlatforms) = preSolution
		Debug|Any CPU = Debug|Any CPU
		Release|Any CPU = Release|Any CPU
	EndGlobalSection
	GlobalSection(ProjectConfigurationPlatforms) = postSolution
		{83399CFE-5D49-4120-92E7-BD14F15EA031}.Debug|Any CPU.ActiveCfg = Debug|Any CPU
		{83399CFE-5D49-4120-92E7-BD14F15EA031}.Debug|Any CPU.Build.0 = Debug|Any CPU
		{83399CFE-5D49-4120-92E7-BD14F15EA031}.Release|Any CPU.ActiveCfg = Release|Any CPU
		{83399CFE-5D49-4120-92E7-BD14F15EA031}.Release|Any CPU.Build.0 = Release|Any CPU
	EndGlobalSection
	GlobalSection(SolutionProperties) = preSolution
		HideSolutionNode = FALSE
	EndGlobalSection
	GlobalSection(ExtensibilityGlobals) = postSolution
		SolutionGuid = {059AA38A-8DDA-421D-9E90-106E255AFCEF}
	EndGlobalSection
EndGlobal
